
Microsoft Visual Studio Solution File, Format Version 12.00
# Visual Studio Version 17
VisualStudioVersion = 17.4.33213.308
MinimumVisualStudioVersion = 10.0.40219.1
Project("{FAE04EC0-301F-11D3-BF4B-00C04F79EFBC}") = "WindowsFormsApp1", "WindowsFormsApp1\WindowsFormsApp1.csproj", "{44F4729E-5EC6-4866-8E8A-6F8B5D794C9A}"
EndProject
Global
	GlobalSection(SolutionConfigurationPlatforms) = preSolution
		Debug|Any CPU = Debug|Any CPU
		Release|Any CPU = Release|Any CPU
	EndGlobalSection
	GlobalSection(ProjectConfigurationPlatforms) = postSolution
		{44F4729E-5EC6-4866-8E8A-6F8B5D794C9A}.Debug|Any CPU.ActiveCfg = Debug|Any CPU
		{44F4729E-5EC6-4866-8E8A-6F8B5D794C9A}.Debug|Any CPU.Build.0 = Debug|Any CPU
		{44F4729E-5EC6-4866-8E8A-6F8B5D794C9A}.Release|Any CPU.ActiveCfg = Release|Any CPU
		{44F4729E-5EC6-4866-8E8A-6F8B5D794C9A}.Release|Any CPU.Build.0 = Release|Any CPU
	EndGlobalSection
	GlobalSection(SolutionProperties) = preSolution
		HideSolutionNode = FALSE
	EndGlobalSection
	GlobalSection(ExtensibilityGlobals) = postSolution
		SolutionGuid = {F86BCBE9-322B-4E14-B209-4603E8E37388}
	EndGlobalSection
EndGlobal
